
Microsoft Visual Studio Solution File, Format Version 12.00
# Visual Studio Version 16
VisualStudioVersion = 16.0.30907.101
MinimumVisualStudioVersion = 10.0.40219.1
Project("{FAE04EC0-301F-11D3-BF4B-00C04F79EFBC}") = "PlugIns", "PlugIns\PlugIns.csproj", "{B854F2A4-8F37-48F2-8E78-7987437742E2}"
EndProject
Global
	GlobalSection(SolutionConfigurationPlatforms) = preSolution
		Debug|Any CPU = Debug|Any CPU
		Release|Any CPU = Release|Any CPU
	EndGlobalSection
	GlobalSection(ProjectConfigurationPlatforms) = postSolution
		{B854F2A4-8F37-48F2-8E78-7987437742E2}.Debug|Any CPU.ActiveCfg = Debug|Any CPU
		{B854F2A4-8F37-48F2-8E78-7987437742E2}.Debug|Any CPU.Build.0 = Debug|Any CPU
		{B854F2A4-8F37-48F2-8E78-7987437742E2}.Release|Any CPU.ActiveCfg = Release|Any CPU
		{B854F2A4-8F37-48F2-8E78-7987437742E2}.Release|Any CPU.Build.0 = Release|Any CPU
	EndGlobalSection
	GlobalSection(SolutionProperties) = preSolution
		HideSolutionNode = FALSE
	EndGlobalSection
	GlobalSection(ExtensibilityGlobals) = postSolution
		SolutionGuid = {D347F820-C288-4B47-82BB-ADE7420CB55F}
	EndGlobalSection
EndGlobal
